
Microsoft Visual Studio Solution File, Format Version 12.00
# Visual Studio 2013
Project("{FAE04EC0-301F-11D3-BF4B-00C04F79EFBC}") = "UnityVS.JoysticTest.CSharp", "UnityVS.JoysticTest.CSharp.csproj", "{AD442A1F-F25F-C579-5CFB-907B1738F5CA}"
EndProject
Project("{FAE04EC0-301F-11D3-BF4B-00C04F79EFBC}") = "UnityVS.JoysticTest.CSharp.Editor", "UnityVS.JoysticTest.CSharp.Editor.csproj", "{05987C99-8AF0-1BED-882D-ACDE5E46F3C6}"
EndProject
Global
	GlobalSection(SolutionConfigurationPlatforms) = preSolution
		Debug|Any CPU = Debug|Any CPU
		Release|Any CPU = Release|Any CPU
	EndGlobalSection
	GlobalSection(ProjectConfigurationPlatforms) = postSolution
		{AD442A1F-F25F-C579-5CFB-907B1738F5CA}.Debug|Any CPU.ActiveCfg = Debug|Any CPU
		{AD442A1F-F25F-C579-5CFB-907B1738F5CA}.Debug|Any CPU.Build.0 = Debug|Any CPU
		{AD442A1F-F25F-C579-5CFB-907B1738F5CA}.Release|Any CPU.ActiveCfg = Release|Any CPU
		{AD442A1F-F25F-C579-5CFB-907B1738F5CA}.Release|Any CPU.Build.0 = Release|Any CPU
		{05987C99-8AF0-1BED-882D-ACDE5E46F3C6}.Debug|Any CPU.ActiveCfg = Debug|Any CPU
		{05987C99-8AF0-1BED-882D-ACDE5E46F3C6}.Debug|Any CPU.Build.0 = Debug|Any CPU
		{05987C99-8AF0-1BED-882D-ACDE5E46F3C6}.Release|Any CPU.ActiveCfg = Release|Any CPU
		{05987C99-8AF0-1BED-882D-ACDE5E46F3C6}.Release|Any CPU.Build.0 = Release|Any CPU
	EndGlobalSection
	GlobalSection(SolutionProperties) = preSolution
		HideSolutionNode = FALSE
	EndGlobalSection
EndGlobal
