Microsoft Visual Studio Solution File, Format Version 11.00
# Visual Studio 2008

Project("{E90FFC1D-7174-8D15-95AD-DCEB9E819E69}") = "Prototype(oculus plus ver 3m22d)", "Assembly-CSharp-firstpass-vs.csproj", "{CBC4B040-0CA7-85C9-CA2D-B66273335D52}"
EndProject
Project("{E90FFC1D-7174-8D15-95AD-DCEB9E819E69}") = "Prototype(oculus plus ver 3m22d)", "Assembly-CSharp-vs.csproj", "{9A2333FB-EF9A-CB80-4162-E0FA5153D7DC}"
EndProject
Project("{E90FFC1D-7174-8D15-95AD-DCEB9E819E69}") = "Prototype(oculus plus ver 3m22d)", "Assembly-CSharp-Editor-vs.csproj", "{A8438294-E39B-A2A4-8C4F-A6D8EA27ABF0}"
EndProject
Global
	GlobalSection(SolutionConfigurationPlatforms) = preSolution
		Debug|Any CPU = Debug|Any CPU
		Release|Any CPU = Release|Any CPU
	EndGlobalSection
	GlobalSection(ProjectConfigurationPlatforms) = postSolution
		{CBC4B040-0CA7-85C9-CA2D-B66273335D52}.Debug|Any CPU.ActiveCfg = Debug|Any CPU
		{CBC4B040-0CA7-85C9-CA2D-B66273335D52}.Debug|Any CPU.Build.0 = Debug|Any CPU
		{CBC4B040-0CA7-85C9-CA2D-B66273335D52}.Release|Any CPU.ActiveCfg = Release|Any CPU
		{CBC4B040-0CA7-85C9-CA2D-B66273335D52}.Release|Any CPU.Build.0 = Release|Any CPU
		{9A2333FB-EF9A-CB80-4162-E0FA5153D7DC}.Debug|Any CPU.ActiveCfg = Debug|Any CPU
		{9A2333FB-EF9A-CB80-4162-E0FA5153D7DC}.Debug|Any CPU.Build.0 = Debug|Any CPU
		{9A2333FB-EF9A-CB80-4162-E0FA5153D7DC}.Release|Any CPU.ActiveCfg = Release|Any CPU
		{9A2333FB-EF9A-CB80-4162-E0FA5153D7DC}.Release|Any CPU.Build.0 = Release|Any CPU
		{A8438294-E39B-A2A4-8C4F-A6D8EA27ABF0}.Debug|Any CPU.ActiveCfg = Debug|Any CPU
		{A8438294-E39B-A2A4-8C4F-A6D8EA27ABF0}.Debug|Any CPU.Build.0 = Debug|Any CPU
		{A8438294-E39B-A2A4-8C4F-A6D8EA27ABF0}.Release|Any CPU.ActiveCfg = Release|Any CPU
		{A8438294-E39B-A2A4-8C4F-A6D8EA27ABF0}.Release|Any CPU.Build.0 = Release|Any CPU
	EndGlobalSection
	GlobalSection(SolutionProperties) = preSolution
		HideSolutionNode = FALSE
	EndGlobalSection
		GlobalSection(MonoDevelopProperties) = preSolution
		StartupItem = Assembly-CSharp.csproj
		Policies = $0
		$0.TextStylePolicy = $1
		$1.inheritsSet = null
		$1.scope = text/x-csharp
		$0.CSharpFormattingPolicy = $2
		$2.inheritsSet = Mono
		$2.inheritsScope = text/x-csharp
		$2.scope = text/x-csharp
		$0.TextStylePolicy = $3
		$3.FileWidth = 120
		$3.TabWidth = 4
		$3.EolMarker = Unix
		$3.inheritsSet = Mono
		$3.inheritsScope = text/plain
		$3.scope = text/plain
	EndGlobalSection

EndGlobal
