Microsoft Visual Studio Solution File, Format Version 11.00
# Visual Studio 2008

Project("{1A22A606-468C-F029-D363-41C3EDA7DD89}") = "Prototype(oculus plus ver 3m22d)-2", "Assembly-CSharp-firstpass-vs.csproj", "{21B8E513-1A5F-128B-19B1-F40831F9E4CE}"
EndProject
Project("{1A22A606-468C-F029-D363-41C3EDA7DD89}") = "Prototype(oculus plus ver 3m22d)-2", "Assembly-CSharp-vs.csproj", "{33A57B8D-2BDC-2242-3F01-A67D91EEEEAB}"
EndProject
Project("{1A22A606-468C-F029-D363-41C3EDA7DD89}") = "Prototype(oculus plus ver 3m22d)-2", "Assembly-CSharp-Editor-vs.csproj", "{6AD8E583-4EEB-18E8-E4F6-52DAACA5DB6B}"
EndProject
Global
	GlobalSection(SolutionConfigurationPlatforms) = preSolution
		Debug|Any CPU = Debug|Any CPU
		Release|Any CPU = Release|Any CPU
	EndGlobalSection
	GlobalSection(ProjectConfigurationPlatforms) = postSolution
		{21B8E513-1A5F-128B-19B1-F40831F9E4CE}.Debug|Any CPU.ActiveCfg = Debug|Any CPU
		{21B8E513-1A5F-128B-19B1-F40831F9E4CE}.Debug|Any CPU.Build.0 = Debug|Any CPU
		{21B8E513-1A5F-128B-19B1-F40831F9E4CE}.Release|Any CPU.ActiveCfg = Release|Any CPU
		{21B8E513-1A5F-128B-19B1-F40831F9E4CE}.Release|Any CPU.Build.0 = Release|Any CPU
		{33A57B8D-2BDC-2242-3F01-A67D91EEEEAB}.Debug|Any CPU.ActiveCfg = Debug|Any CPU
		{33A57B8D-2BDC-2242-3F01-A67D91EEEEAB}.Debug|Any CPU.Build.0 = Debug|Any CPU
		{33A57B8D-2BDC-2242-3F01-A67D91EEEEAB}.Release|Any CPU.ActiveCfg = Release|Any CPU
		{33A57B8D-2BDC-2242-3F01-A67D91EEEEAB}.Release|Any CPU.Build.0 = Release|Any CPU
		{6AD8E583-4EEB-18E8-E4F6-52DAACA5DB6B}.Debug|Any CPU.ActiveCfg = Debug|Any CPU
		{6AD8E583-4EEB-18E8-E4F6-52DAACA5DB6B}.Debug|Any CPU.Build.0 = Debug|Any CPU
		{6AD8E583-4EEB-18E8-E4F6-52DAACA5DB6B}.Release|Any CPU.ActiveCfg = Release|Any CPU
		{6AD8E583-4EEB-18E8-E4F6-52DAACA5DB6B}.Release|Any CPU.Build.0 = Release|Any CPU
	EndGlobalSection
	GlobalSection(SolutionProperties) = preSolution
		HideSolutionNode = FALSE
	EndGlobalSection
		GlobalSection(MonoDevelopProperties) = preSolution
		StartupItem = Assembly-CSharp.csproj
		Policies = $0
		$0.TextStylePolicy = $1
		$1.inheritsSet = null
		$1.scope = text/x-csharp
		$0.CSharpFormattingPolicy = $2
		$2.inheritsSet = Mono
		$2.inheritsScope = text/x-csharp
		$2.scope = text/x-csharp
		$0.TextStylePolicy = $3
		$3.FileWidth = 120
		$3.TabWidth = 4
		$3.EolMarker = Unix
		$3.inheritsSet = Mono
		$3.inheritsScope = text/plain
		$3.scope = text/plain
	EndGlobalSection

EndGlobal
